# This file is @generated by PDM.
# It is not intended for manual editing.

[metadata]
groups = ["default"]
strategy = ["inherit_metadata"]
lock_version = "4.5.0"
content_hash = "sha256:5e8ef4e75fec8c5c7f2bf1ae3236534c65e65ae1a14f8d32834ab63e11513119"

[[metadata.targets]]
requires_python = "==3.11.*"

[[package]]
name = "pymysql"
version = "1.2.0"
requires_python = ">=3.9"
summary = "Pure Python MySQL Driver"
groups = ["default"]
files = [
    {file = "pymysql-1.2.0-py3-none-any.whl", hash = "sha256:62169ce6d5510f08e140c5e7990ee884a9764024e4a9a27b2cc11f1099322ae0"},
    {file = "pymysql-1.2.0.tar.gz", hash = "sha256:6c7b17ca686988104d7426c27895b455cdeea3e9d3ceb1270f0c3704fead8c33"},
]
